
Microsoft Visual Studio Solution File, Format Version 12.00
# Visual Studio Version 17
VisualStudioVersion = 17.8.34525.116
MinimumVisualStudioVersion = 10.0.40219.1
Project("{FAE04EC0-301F-11D3-BF4B-00C04F79EFBC}") = "OrderingAndGrouping.", "..\OrderingAndGrouping\OrderingAndGrouping\OrderingAndGrouping..csproj", "{30D6986F-8E03-42D3-90D2-3FD50BF8FC2A}"
EndProject
Project("{FAE04EC0-301F-11D3-BF4B-00C04F79EFBC}") = "AggregationMethods", "..\OrderingAndGrouping\AggregationMethods\AggregationMethods.csproj", "{8DA67FAF-A798-433B-B5AF-CF9590530570}"
EndProject
Global
	GlobalSection(SolutionConfigurationPlatforms) = preSolution
		Debug|Any CPU = Debug|Any CPU
		Release|Any CPU = Release|Any CPU
	EndGlobalSection
	GlobalSection(ProjectConfigurationPlatforms) = postSolution
		{30D6986F-8E03-42D3-90D2-3FD50BF8FC2A}.Debug|Any CPU.ActiveCfg = Debug|Any CPU
		{30D6986F-8E03-42D3-90D2-3FD50BF8FC2A}.Debug|Any CPU.Build.0 = Debug|Any CPU
		{30D6986F-8E03-42D3-90D2-3FD50BF8FC2A}.Release|Any CPU.ActiveCfg = Release|Any CPU
		{30D6986F-8E03-42D3-90D2-3FD50BF8FC2A}.Release|Any CPU.Build.0 = Release|Any CPU
		{8DA67FAF-A798-433B-B5AF-CF9590530570}.Debug|Any CPU.ActiveCfg = Debug|Any CPU
		{8DA67FAF-A798-433B-B5AF-CF9590530570}.Debug|Any CPU.Build.0 = Debug|Any CPU
		{8DA67FAF-A798-433B-B5AF-CF9590530570}.Release|Any CPU.ActiveCfg = Release|Any CPU
		{8DA67FAF-A798-433B-B5AF-CF9590530570}.Release|Any CPU.Build.0 = Release|Any CPU
	EndGlobalSection
	GlobalSection(SolutionProperties) = preSolution
		HideSolutionNode = FALSE
	EndGlobalSection
	GlobalSection(ExtensibilityGlobals) = postSolution
		SolutionGuid = {20F1DB04-3372-453A-8B83-41180C26E651}
	EndGlobalSection
EndGlobal
